{
  "name": "_p5 TEMPLATE new",
  "lockfileVersion": 2,
  "requires": true,
  "packages": {
    "": {
      "devDependencies": {
        "@types/p5": "^1.6.2"
      }
    },
    "node_modules/@types/p5": {
      "version": "1.6.2",
      "resolved": "https://registry.npmjs.org/@types/p5/-/p5-1.6.2.tgz",
      "integrity": "sha512-iy1B7DBMc9e5j0DrWnIjSJh+Ro9UkKxPHspbx/GvIeGFTOIJF0H2lICnIN4go1OZEAQSHBinLd7t+oe8lrrLvA==",
      "dev": true
    }
  },
  "dependencies": {
    "@types/p5": {
      "version": "1.6.2",
      "resolved": "https://registry.npmjs.org/@types/p5/-/p5-1.6.2.tgz",
      "integrity": "sha512-iy1B7DBMc9e5j0DrWnIjSJh+Ro9UkKxPHspbx/GvIeGFTOIJF0H2lICnIN4go1OZEAQSHBinLd7t+oe8lrrLvA==",
      "dev": true
    }
  }
}
